PODS:
  - FontAwesome.swift (0.6.0)
  - KAProgressLabel (3.2)
  - Nimble (2.0.0-rc.3)
  - SnapKit (0.15.0)

DEPENDENCIES:
  - FontAwesome.swift
  - KAProgressLabel
  - Nimble (= 2.0.0-rc.3)
  - SnapKit

SPEC CHECKSUMS:
  FontAwesome.swift: 4726ef163682da8750d88b4ba27ac4dbf46d4fdc
  KAProgressLabel: 4362a1d37c5a7bc7c10cd059fd2da7cb9599cb50
  Nimble: 9dff98ee195ffe7351d3b2fb01d3a1420fd97948
  SnapKit: 4962eed2ee18e48cbd2b2292fffc57efe7235f87

COCOAPODS: 0.37.2
